
Microsoft Visual Studio Solution File, Format Version 12.00
# Visual Studio Version 17
VisualStudioVersion = 17.3.32929.385
MinimumVisualStudioVersion = 10.0.40219.1
Project("{FAE04EC0-301F-11D3-BF4B-00C04F79EFBC}") = "StarLink_Contact", "StarLink_Contact.csproj", "{EDB85DC7-3252-4965-A8E2-04FECA78FB1A}"
EndProject
Global
	GlobalSection(SolutionConfigurationPlatforms) = preSolution
		Debug|Any CPU = Debug|Any CPU
		Release|Any CPU = Release|Any CPU
	EndGlobalSection
	GlobalSection(ProjectConfigurationPlatforms) = postSolution
		{EDB85DC7-3252-4965-A8E2-04FECA78FB1A}.Debug|Any CPU.ActiveCfg = Debug|Any CPU
		{EDB85DC7-3252-4965-A8E2-04FECA78FB1A}.Debug|Any CPU.Build.0 = Debug|Any CPU
		{EDB85DC7-3252-4965-A8E2-04FECA78FB1A}.Release|Any CPU.ActiveCfg = Release|Any CPU
		{EDB85DC7-3252-4965-A8E2-04FECA78FB1A}.Release|Any CPU.Build.0 = Release|Any CPU
	EndGlobalSection
	GlobalSection(SolutionProperties) = preSolution
		HideSolutionNode = FALSE
	EndGlobalSection
	GlobalSection(ExtensibilityGlobals) = postSolution
		SolutionGuid = {8181BBFF-9385-4C3C-A0F5-A7E8C5E77037}
	EndGlobalSection
EndGlobal
